
Microsoft Visual Studio Solution File, Format Version 12.00
# Visual Studio Version 17
VisualStudioVersion = 17.1.32228.430
MinimumVisualStudioVersion = 10.0.40219.1
Project("{9A19103F-16F7-4668-BE54-9A1E7A4F7556}") = "InbarBarkai.Extensions.DependencyInjection", "src\InbarBarkai.Extensions.DependencyInjection.csproj", "{DD402F46-B285-496D-97A8-CA319077A687}"
EndProject
Project("{2150E333-8FDC-42A3-9474-1A3956D46DE8}") = "src", "src", "{53B40906-0201-4E4E-8484-69AD201CF037}"
EndProject
Project("{2150E333-8FDC-42A3-9474-1A3956D46DE8}") = "tests", "tests", "{1820FA82-02BA-4714-B323-90A04A39D5E1}"
EndProject
Project("{9A19103F-16F7-4668-BE54-9A1E7A4F7556}") = "InbarBarkai.Extensions.DependencyInjection.Tests", "tests\InbarBarkai.Extensions.DependencyInjection.Tests\InbarBarkai.Extensions.DependencyInjection.Tests.csproj", "{E82C3157-6AD2-4C72-B6E1-35366C0CE5F7}"
EndProject
Project("{2150E333-8FDC-42A3-9474-1A3956D46DE8}") = "tools", "tools", "{4DDA1C28-C7B5-441D-93C3-47C5A9D1019E}"
	ProjectSection(SolutionItems) = preProject
		.editorconfig = .editorconfig
		.gitattributes = .gitattributes
		.gitignore = .gitignore
		coverlet.runsettings = coverlet.runsettings
		Directory.build.props = Directory.build.props
	EndProjectSection
EndProject
Global
	GlobalSection(SolutionConfigurationPlatforms) = preSolution
		Debug|Any CPU = Debug|Any CPU
		Release|Any CPU = Release|Any CPU
	EndGlobalSection
	GlobalSection(ProjectConfigurationPlatforms) = postSolution
		{DD402F46-B285-496D-97A8-CA319077A687}.Debug|Any CPU.ActiveCfg = Debug|Any CPU
		{DD402F46-B285-496D-97A8-CA319077A687}.Debug|Any CPU.Build.0 = Debug|Any CPU
		{DD402F46-B285-496D-97A8-CA319077A687}.Release|Any CPU.ActiveCfg = Release|Any CPU
		{DD402F46-B285-496D-97A8-CA319077A687}.Release|Any CPU.Build.0 = Release|Any CPU
		{E82C3157-6AD2-4C72-B6E1-35366C0CE5F7}.Debug|Any CPU.ActiveCfg = Debug|Any CPU
		{E82C3157-6AD2-4C72-B6E1-35366C0CE5F7}.Debug|Any CPU.Build.0 = Debug|Any CPU
		{E82C3157-6AD2-4C72-B6E1-35366C0CE5F7}.Release|Any CPU.ActiveCfg = Release|Any CPU
		{E82C3157-6AD2-4C72-B6E1-35366C0CE5F7}.Release|Any CPU.Build.0 = Release|Any CPU
	EndGlobalSection
	GlobalSection(SolutionProperties) = preSolution
		HideSolutionNode = FALSE
	EndGlobalSection
	GlobalSection(NestedProjects) = preSolution
		{DD402F46-B285-496D-97A8-CA319077A687} = {53B40906-0201-4E4E-8484-69AD201CF037}
		{E82C3157-6AD2-4C72-B6E1-35366C0CE5F7} = {1820FA82-02BA-4714-B323-90A04A39D5E1}
	EndGlobalSection
	GlobalSection(ExtensibilityGlobals) = postSolution
		SolutionGuid = {9C36BE63-7704-4150-A8BC-511BA6C2B282}
	EndGlobalSection
EndGlobal
